// !$*UTF8*$!
{
	archiveVersion = 1;
	classes = {
	};
	objectVersion = 50;
	objects = {

/* Begin PBXBuildFile section */
		BC205A5B2640464000B5BA38 /* CollectionCell.swift in Sources */ = {isa = PBXBuildFile; fileRef = BC205A5A2640464000B5BA38 /* CollectionCell.swift */; };
		BC205A5D264048EE00B5BA38 /* playerVO.swift in Sources */ = {isa = PBXBuildFile; fileRef = BC205A5C264048EE00B5BA38 /* playerVO.swift */; };
		BC577185264006D6006A4B04 /* AppDelegate.swift in Sources */ = {isa = PBXBuildFile; fileRef = BC577184264006D6006A4B04 /* AppDelegate.swift */; };
		BC577187264006D6006A4B04 /* SceneDelegate.swift in Sources */ = {isa = PBXBuildFile; fileRef = BC577186264006D6006A4B04 /* SceneDelegate.swift */; };
		BC577189264006D6006A4B04 /* CollectionVC.swift in Sources */ = {isa = PBXBuildFile; fileRef = BC577188264006D6006A4B04 /* CollectionVC.swift */; };
		BC57718C264006D6006A4B04 /* Main.storyboard in Resources */ = {isa = PBXBuildFile; fileRef = BC57718A264006D6006A4B04 /* Main.storyboard */; };
		BC57718E264006D7006A4B04 /* Assets.xcassets in Resources */ = {isa = PBXBuildFile; fileRef = BC57718D264006D7006A4B04 /* Assets.xcassets */; };
		BC577191264006D7006A4B04 /* LaunchScreen.storyboard in Resources */ = {isa = PBXBuildFile; fileRef = BC57718F264006D7006A4B04 /* LaunchScreen.storyboard */; };
		BC5771A2264043F2006A4B04 /* HeoKyung.png in Resources */ = {isa = PBXBuildFile; fileRef = BC577199264043F2006A4B04 /* HeoKyung.png */; };
		BC5771A3264043F2006A4B04 /* KimJaehwan.png in Resources */ = {isa = PBXBuildFile; fileRef = BC57719A264043F2006A4B04 /* KimJaehwan.png */; };
		BC5771A4264043F2006A4B04 /* JungSoo.png in Resources */ = {isa = PBXBuildFile; fileRef = BC57719B264043F2006A4B04 /* JungSoo.png */; };
		BC5771A5264043F2006A4B04 /* ParkKun.png in Resources */ = {isa = PBXBuildFile; fileRef = BC57719C264043F2006A4B04 /* ParkKun.png */; };
		BC5771A6264043F2006A4B04 /* OhJae.png in Resources */ = {isa = PBXBuildFile; fileRef = BC57719D264043F2006A4B04 /* OhJae.png */; };
		BC5771A7264043F2006A4B04 /* parksei.png in Resources */ = {isa = PBXBuildFile; fileRef = BC57719E264043F2006A4B04 /* parksei.png */; };
		BC5771A8264043F2006A4B04 /* KimJae.png in Resources */ = {isa = PBXBuildFile; fileRef = BC57719F264043F2006A4B04 /* KimJae.png */; };
		BC5771A9264043F2006A4B04 /* Fernandez.png in Resources */ = {isa = PBXBuildFile; fileRef = BC5771A0264043F2006A4B04 /* Fernandez.png */; };
		BC5771AA264043F2006A4B04 /* KimIn.png in Resources */ = {isa = PBXBuildFile; fileRef = BC5771A1264043F2006A4B04 /* KimIn.png */; };
/* End PBXBuildFile section */

/* Begin PBXFileReference section */
		BC205A5A2640464000B5BA38 /* CollectionCell.swift */ = {isa = PBXFileReference; lastKnownFileType = sourcecode.swift; path = CollectionCell.swift; sourceTree = "<group>"; };
		BC205A5C264048EE00B5BA38 /* playerVO.swift */ = {isa = PBXFileReference; lastKnownFileType = sourcecode.swift; path = playerVO.swift; sourceTree = "<group>"; };
		BC577181264006D6006A4B04 /* Practice_collectionView.app */ = {isa = PBXFileReference; explicitFileType = wrapper.application; includeInIndex = 0; path = Practice_collectionView.app; sourceTree = BUILT_PRODUCTS_DIR; };
		BC577184264006D6006A4B04 /* AppDelegate.swift */ = {isa = PBXFileReference; lastKnownFileType = sourcecode.swift; path = AppDelegate.swift; sourceTree = "<group>"; };
		BC577186264006D6006A4B04 /* SceneDelegate.swift */ = {isa = PBXFileReference; lastKnownFileType = sourcecode.swift; path = SceneDelegate.swift; sourceTree = "<group>"; };
		BC577188264006D6006A4B04 /* CollectionVC.swift */ = {isa = PBXFileReference; lastKnownFileType = sourcecode.swift; path = CollectionVC.swift; sourceTree = "<group>"; };
		BC57718B264006D6006A4B04 /* Base */ = {isa = PBXFileReference; lastKnownFileType = file.storyboard; name = Base; path = Base.lproj/Main.storyboard; sourceTree = "<group>"; };
		BC57718D264006D7006A4B04 /* Assets.xcassets */ = {isa = PBXFileReference; lastKnownFileType = folder.assetcatalog; path = Assets.xcassets; sourceTree = "<group>"; };
		BC577190264006D7006A4B04 /* Base */ = {isa = PBXFileReference; lastKnownFileType = file.storyboard; name = Base; path = Base.lproj/LaunchScreen.storyboard; sourceTree = "<group>"; };
		BC577192264006D7006A4B04 /* Info.plist */ = {isa = PBXFileReference; lastKnownFileType = text.plist.xml; path = Info.plist; sourceTree = "<group>"; };
		BC577199264043F2006A4B04 /* HeoKyung.png */ = {isa = PBXFileReference; lastKnownFileType = image.png; path = HeoKyung.png; sourceTree = "<group>"; };
		BC57719A264043F2006A4B04 /* KimJaehwan.png */ = {isa = PBXFileReference; lastKnownFileType = image.png; path = KimJaehwan.png; sourceTree = "<group>"; };
		BC57719B264043F2006A4B04 /* JungSoo.png */ = {isa = PBXFileReference; lastKnownFileType = image.png; path = JungSoo.png; sourceTree = "<group>"; };
		BC57719C264043F2006A4B04 /* ParkKun.png */ = {isa = PBXFileReference; lastKnownFileType = image.png; path = ParkKun.png; sourceTree = "<group>"; };
		BC57719D264043F2006A4B04 /* OhJae.png */ = {isa = PBXFileReference; lastKnownFileType = image.png; path = OhJae.png; sourceTree = "<group>"; };
		BC57719E264043F2006A4B04 /* parksei.png */ = {isa = PBXFileReference; lastKnownFileType = image.png; path = parksei.png; sourceTree = "<group>"; };
		BC57719F264043F2006A4B04 /* KimJae.png */ = {isa = PBXFileReference; lastKnownFileType = image.png; path = KimJae.png; sourceTree = "<group>"; };
		BC5771A0264043F2006A4B04 /* Fernandez.png */ = {isa = PBXFileReference; lastKnownFileType = image.png; path = Fernandez.png; sourceTree = "<group>"; };
		BC5771A1264043F2006A4B04 /* KimIn.png */ = {isa = PBXFileReference; lastKnownFileType = image.png; path = KimIn.png; sourceTree = "<group>"; };
/* End PBXFileReference section */

/* Begin PBXFrameworksBuildPhase section */
		BC57717E264006D6006A4B04 /* Frameworks */ = {
			isa = PBXFrameworksBuildPhase;
			buildActionMask = 2147483647;
			files = (
			);
			runOnlyForDeploymentPostprocessing = 0;
		};
/* End PBXFrameworksBuildPhase section */

/* Begin PBXGroup section */
		BC577178264006D6006A4B04 = {
			isa = PBXGroup;
			children = (
				BC577198264043E6006A4B04 /* product */,
				BC577183264006D6006A4B04 /* Practice_collectionView */,
				BC577182264006D6006A4B04 /* Products */,
			);
			sourceTree = "<group>";
		};
		BC577182264006D6006A4B04 /* Products */ = {
			isa = PBXGroup;
			children = (
				BC577181264006D6006A4B04 /* Practice_collectionView.app */,
			);
			name = Products;
			sourceTree = "<group>";
		};
		BC577183264006D6006A4B04 /* Practice_collectionView */ = {
			isa = PBXGroup;
			children = (
				BC577184264006D6006A4B04 /* AppDelegate.swift */,
				BC577186264006D6006A4B04 /* SceneDelegate.swift */,
				BC577188264006D6006A4B04 /* CollectionVC.swift */,
				BC205A5A2640464000B5BA38 /* CollectionCell.swift */,
				BC57718A264006D6006A4B04 /* Main.storyboard */,
				BC57718D264006D7006A4B04 /* Assets.xcassets */,
				BC57718F264006D7006A4B04 /* LaunchScreen.storyboard */,
				BC577192264006D7006A4B04 /* Info.plist */,
				BC205A5C264048EE00B5BA38 /* playerVO.swift */,
			);
			path = Practice_collectionView;
			sourceTree = "<group>";
		};
		BC577198264043E6006A4B04 /* product */ = {
			isa = PBXGroup;
			children = (
				BC5771A0264043F2006A4B04 /* Fernandez.png */,
				BC577199264043F2006A4B04 /* HeoKyung.png */,
				BC57719B264043F2006A4B04 /* JungSoo.png */,
				BC5771A1264043F2006A4B04 /* KimIn.png */,
				BC57719F264043F2006A4B04 /* KimJae.png */,
				BC57719A264043F2006A4B04 /* KimJaehwan.png */,
				BC57719D264043F2006A4B04 /* OhJae.png */,
				BC57719C264043F2006A4B04 /* ParkKun.png */,
				BC57719E264043F2006A4B04 /* parksei.png */,
			);
			path = product;
			sourceTree = "<group>";
		};
/* End PBXGroup section */

/* Begin PBXNativeTarget section */
		BC577180264006D6006A4B04 /* Practice_collectionView */ = {
			isa = PBXNativeTarget;
			buildConfigurationList = BC577195264006D7006A4B04 /* Build configuration list for PBXNativeTarget "Practice_collectionView" */;
			buildPhases = (
				BC57717D264006D6006A4B04 /* Sources */,
				BC57717E264006D6006A4B04 /* Frameworks */,
				BC57717F264006D6006A4B04 /* Resources */,
			);
			buildRules = (
			);
			dependencies = (
			);
			name = Practice_collectionView;
			productName = Practice_collectionView;
			productReference = BC577181264006D6006A4B04 /* Practice_collectionView.app */;
			productType = "com.apple.product-type.application";
		};
/* End PBXNativeTarget section */

/* Begin PBXProject section */
		BC577179264006D6006A4B04 /* Project object */ = {
			isa = PBXProject;
			attributes = {
				LastSwiftUpdateCheck = 1250;
				LastUpgradeCheck = 1250;
				TargetAttributes = {
					BC577180264006D6006A4B04 = {
						CreatedOnToolsVersion = 12.5;
					};
				};
			};
			buildConfigurationList = BC57717C264006D6006A4B04 /* Build configuration list for PBXProject "Practice_collectionView" */;
			compatibilityVersion = "Xcode 9.3";
			developmentRegion = en;
			hasScannedForEncodings = 0;
			knownRegions = (
				en,
				Base,
			);
			mainGroup = BC577178264006D6006A4B04;
			productRefGroup = BC577182264006D6006A4B04 /* Products */;
			projectDirPath = "";
			projectRoot = "";
			targets = (
				BC577180264006D6006A4B04 /* Practice_collectionView */,
			);
		};
/* End PBXProject section */

/* Begin PBXResourcesBuildPhase section */
		BC57717F264006D6006A4B04 /* Resources */ = {
			isa = PBXResourcesBuildPhase;
			buildActionMask = 2147483647;
			files = (
				BC577191264006D7006A4B04 /* LaunchScreen.storyboard in Resources */,
				BC5771A2264043F2006A4B04 /* HeoKyung.png in Resources */,
				BC57718E264006D7006A4B04 /* Assets.xcassets in Resources */,
				BC5771A6264043F2006A4B04 /* OhJae.png in Resources */,
				BC5771A8264043F2006A4B04 /* KimJae.png in Resources */,
				BC5771A4264043F2006A4B04 /* JungSoo.png in Resources */,
				BC5771A3264043F2006A4B04 /* KimJaehwan.png in Resources */,
				BC5771A9264043F2006A4B04 /* Fernandez.png in Resources */,
				BC5771AA264043F2006A4B04 /* KimIn.png in Resources */,
				BC5771A5264043F2006A4B04 /* ParkKun.png in Resources */,
				BC57718C264006D6006A4B04 /* Main.storyboard in Resources */,
				BC5771A7264043F2006A4B04 /* parksei.png in Resources */,
			);
			runOnlyForDeploymentPostprocessing = 0;
		};
/* End PBXResourcesBuildPhase section */

/* Begin PBXSourcesBuildPhase section */
		BC57717D264006D6006A4B04 /* Sources */ = {
			isa = PBXSourcesBuildPhase;
			buildActionMask = 2147483647;
			files = (
				BC577189264006D6006A4B04 /* CollectionVC.swift in Sources */,
				BC577185264006D6006A4B04 /* AppDelegate.swift in Sources */,
				BC577187264006D6006A4B04 /* SceneDelegate.swift in Sources */,
				BC205A5B2640464000B5BA38 /* CollectionCell.swift in Sources */,
				BC205A5D264048EE00B5BA38 /* playerVO.swift in Sources */,
			);
			runOnlyForDeploymentPostprocessing = 0;
		};
/* End PBXSourcesBuildPhase section */

/* Begin PBXVariantGroup section */
		BC57718A264006D6006A4B04 /* Main.storyboard */ = {
			isa = PBXVariantGroup;
			children = (
				BC57718B264006D6006A4B04 /* Base */,
			);
			name = Main.storyboard;
			sourceTree = "<group>";
		};
		BC57718F264006D7006A4B04 /* LaunchScreen.storyboard */ = {
			isa = PBXVariantGroup;
			children = (
				BC577190264006D7006A4B04 /* Base */,
			);
			name = LaunchScreen.storyboard;
			sourceTree = "<group>";
		};
/* End PBXVariantGroup section */

/* Begin XCBuildConfiguration section */
		BC577193264006D7006A4B04 /* Debug */ = {
			isa = XCBuildConfiguration;
			buildSettings = {
				ALWAYS_SEARCH_USER_PATHS = NO;
				CLANG_ANALYZER_NONNULL = YES;
				CLANG_ANALYZER_NUMBER_OBJECT_CONVERSION = YES_AGGRESSIVE;
				CLANG_CXX_LANGUAGE_STANDARD = "gnu++14";
				CLANG_CXX_LIBRARY = "libc++";
				CLANG_ENABLE_MODULES = YES;
				CLANG_ENABLE_OBJC_ARC = YES;
				CLANG_ENABLE_OBJC_WEAK = YES;
				CLANG_WARN_BLOCK_CAPTURE_AUTORELEASING = YES;
				CLANG_WARN_BOOL_CONVERSION = YES;
				CLANG_WARN_COMMA = YES;
				CLANG_WARN_CONSTANT_CONVERSION = YES;
				CLANG_WARN_DEPRECATED_OBJC_IMPLEMENTATIONS = YES;
				CLANG_WARN_DIRECT_OBJC_ISA_USAGE = YES_ERROR;
				CLANG_WARN_DOCUMENTATION_COMMENTS = YES;
				CLANG_WARN_EMPTY_BODY = YES;
				CLANG_WARN_ENUM_CONVERSION = YES;
				CLANG_WARN_INFINITE_RECURSION = YES;
				CLANG_WARN_INT_CONVERSION = YES;
				CLANG_WARN_NON_LITERAL_NULL_CONVERSION = YES;
				CLANG_WARN_OBJC_IMPLICIT_RETAIN_SELF = YES;
				CLANG_WARN_OBJC_LITERAL_CONVERSION = YES;
				CLANG_WARN_OBJC_ROOT_CLASS = YES_ERROR;
				CLANG_WARN_QUOTED_INCLUDE_IN_FRAMEWORK_HEADER = YES;
				CLANG_WARN_RANGE_LOOP_ANALYSIS = YES;
				CLANG_WARN_STRICT_PROTOTYPES = YES;
				CLANG_WARN_SUSPICIOUS_MOVE = YES;
				CLANG_WARN_UNGUARDED_AVAILABILITY = YES_AGGRESSIVE;
				CLANG_WARN_UNREACHABLE_CODE = YES;
				CLANG_WARN__DUPLICATE_METHOD_MATCH = YES;
				COPY_PHASE_STRIP = NO;
				DEBUG_INFORMATION_FORMAT = dwarf;
				ENABLE_STRICT_OBJC_MSGSEND = YES;
				ENABLE_TESTABILITY = YES;
				GCC_C_LANGUAGE_STANDARD = gnu11;
				GCC_DYNAMIC_NO_PIC = NO;
				GCC_NO_COMMON_BLOCKS = YES;
				GCC_OPTIMIZATION_LEVEL = 0;
				GCC_PREPROCESSOR_DEFINITIONS = (
					"DEBUG=1",
					"$(inherited)",
				);
				GCC_WARN_64_TO_32_BIT_CONVERSION = YES;
				GCC_WARN_ABOUT_RETURN_TYPE = YES_ERROR;
				GCC_WARN_UNDECLARED_SELECTOR = YES;
				GCC_WARN_UNINITIALIZED_AUTOS = YES_AGGRESSIVE;
				GCC_WARN_UNUSED_FUNCTION = YES;
				GCC_WARN_UNUSED_VARIABLE = YES;
				IPHONEOS_DEPLOYMENT_TARGET = 14.5;
				MTL_ENABLE_DEBUG_INFO = INCLUDE_SOURCE;
				MTL_FAST_MATH = YES;
				ONLY_ACTIVE_ARCH = YES;
				SDKROOT = iphoneos;
				SWIFT_ACTIVE_COMPILATION_CONDITIONS = DEBUG;
				SWIFT_OPTIMIZATION_LEVEL = "-Onone";
			};
			name = Debug;
		};
		BC577194264006D7006A4B04 /* Release */ = {
			isa = XCBuildConfiguration;
			buildSettings = {
				ALWAYS_SEARCH_USER_PATHS = NO;
				CLANG_ANALYZER_NONNULL = YES;
				CLANG_ANALYZER_NUMBER_OBJECT_CONVERSION = YES_AGGRESSIVE;
				CLANG_CXX_LANGUAGE_STANDARD = "gnu++14";
				CLANG_CXX_LIBRARY = "libc++";
				CLANG_ENABLE_MODULES = YES;
				CLANG_ENABLE_OBJC_ARC = YES;
				CLANG_ENABLE_OBJC_WEAK = YES;
				CLANG_WARN_BLOCK_CAPTURE_AUTORELEASING = YES;
				CLANG_WARN_BOOL_CONVERSION = YES;
				CLANG_WARN_COMMA = YES;
				CLANG_WARN_CONSTANT_CONVERSION = YES;
				CLANG_WARN_DEPRECATED_OBJC_IMPLEMENTATIONS = YES;
				CLANG_WARN_DIRECT_OBJC_ISA_USAGE = YES_ERROR;
				CLANG_WARN_DOCUMENTATION_COMMENTS = YES;
				CLANG_WARN_EMPTY_BODY = YES;
				CLANG_WARN_ENUM_CONVERSION = YES;
				CLANG_WARN_INFINITE_RECURSION = YES;
				CLANG_WARN_INT_CONVERSION = YES;
				CLANG_WARN_NON_LITERAL_NULL_CONVERSION = YES;
				CLANG_WARN_OBJC_IMPLICIT_RETAIN_SELF = YES;
				CLANG_WARN_OBJC_LITERAL_CONVERSION = YES;
				CLANG_WARN_OBJC_ROOT_CLASS = YES_ERROR;
				CLANG_WARN_QUOTED_INCLUDE_IN_FRAMEWORK_HEADER = YES;
				CLANG_WARN_RANGE_LOOP_ANALYSIS = YES;
				CLANG_WARN_STRICT_PROTOTYPES = YES;
				CLANG_WARN_SUSPICIOUS_MOVE = YES;
				CLANG_WARN_UNGUARDED_AVAILABILITY = YES_AGGRESSIVE;
				CLANG_WARN_UNREACHABLE_CODE = YES;
				CLANG_WARN__DUPLICATE_METHOD_MATCH = YES;
				COPY_PHASE_STRIP = NO;
				DEBUG_INFORMATION_FORMAT = "dwarf-with-dsym";
				ENABLE_NS_ASSERTIONS = NO;
				ENABLE_STRICT_OBJC_MSGSEND = YES;
				GCC_C_LANGUAGE_STANDARD = gnu11;
				GCC_NO_COMMON_BLOCKS = YES;
				GCC_WARN_64_TO_32_BIT_CONVERSION = YES;
				GCC_WARN_ABOUT_RETURN_TYPE = YES_ERROR;
				GCC_WARN_UNDECLARED_SELECTOR = YES;
				GCC_WARN_UNINITIALIZED_AUTOS = YES_AGGRESSIVE;
				GCC_WARN_UNUSED_FUNCTION = YES;
				GCC_WARN_UNUSED_VARIABLE = YES;
				IPHONEOS_DEPLOYMENT_TARGET = 14.5;
				MTL_ENABLE_DEBUG_INFO = NO;
				MTL_FAST_MATH = YES;
				SDKROOT = iphoneos;
				SWIFT_COMPILATION_MODE = wholemodule;
				SWIFT_OPTIMIZATION_LEVEL = "-O";
				VALIDATE_PRODUCT = YES;
			};
			name = Release;
		};
		BC577196264006D7006A4B04 /* Debug */ = {
			isa = XCBuildConfiguration;
			buildSettings = {
				ASSETCATALOG_COMPILER_APPICON_NAME = AppIcon;
				ASSETCATALOG_COMPILER_GLOBAL_ACCENT_COLOR_NAME = AccentColor;
				CODE_SIGN_STYLE = Automatic;
				INFOPLIST_FILE = Practice_collectionView/Info.plist;
				LD_RUNPATH_SEARCH_PATHS = (
					"$(inherited)",
					"@executable_path/Frameworks",
				);
				PRODUCT_BUNDLE_IDENTIFIER = "byeong.Practice-collectionView";
				PRODUCT_NAME = "$(TARGET_NAME)";
				SWIFT_VERSION = 5.0;
				TARGETED_DEVICE_FAMILY = "1,2";
			};
			name = Debug;
		};
		BC577197264006D7006A4B04 /* Release */ = {
			isa = XCBuildConfiguration;
			buildSettings = {
				ASSETCATALOG_COMPILER_APPICON_NAME = AppIcon;
				ASSETCATALOG_COMPILER_GLOBAL_ACCENT_COLOR_NAME = AccentColor;
				CODE_SIGN_STYLE = Automatic;
				INFOPLIST_FILE = Practice_collectionView/Info.plist;
				LD_RUNPATH_SEARCH_PATHS = (
					"$(inherited)",
					"@executable_path/Frameworks",
				);
				PRODUCT_BUNDLE_IDENTIFIER = "byeong.Practice-collectionView";
				PRODUCT_NAME = "$(TARGET_NAME)";
				SWIFT_VERSION = 5.0;
				TARGETED_DEVICE_FAMILY = "1,2";
			};
			name = Release;
		};
/* End XCBuildConfiguration section */

/* Begin XCConfigurationList section */
		BC57717C264006D6006A4B04 /* Build configuration list for PBXProject "Practice_collectionView" */ = {
			isa = XCConfigurationList;
			buildConfigurations = (
				BC577193264006D7006A4B04 /* Debug */,
				BC577194264006D7006A4B04 /* Release */,
			);
			defaultConfigurationIsVisible = 0;
			defaultConfigurationName = Release;
		};
		BC577195264006D7006A4B04 /* Build configuration list for PBXNativeTarget "Practice_collectionView" */ = {
			isa = XCConfigurationList;
			buildConfigurations = (
				BC577196264006D7006A4B04 /* Debug */,
				BC577197264006D7006A4B04 /* Release */,
			);
			defaultConfigurationIsVisible = 0;
			defaultConfigurationName = Release;
		};
/* End XCConfigurationList section */
	};
	rootObject = BC577179264006D6006A4B04 /* Project object */;
}
